lockfileVersion: '9.0'

settings:
  autoInstallPeers: true
  excludeLinksFromLockfile: false

importers:

  .:
    devDependencies:
      '@biomejs/biome':
        specifier: ^2.4.5
        version: 2.4.5
      '@tsconfig/node-lts':
        specifier: ^24.0.0
        version: 24.0.0
      '@types/node':
        specifier: ^25.3.3
        version: 25.3.3
      '@typescript/native-preview':
        specifier: latest
        version: 7.0.0-dev.20260304.1
      rimraf:
        specifier: ^6.1.3
        version: 6.1.3
      rolldown:
        specifier: 1.0.0-rc.6
        version: 1.0.0-rc.6

packages:

  '@biomejs/biome@2.4.5':
    resolution: {integrity: sha512-OWNCyMS0Q011R6YifXNOg6qsOg64IVc7XX6SqGsrGszPbkVCoaO7Sr/lISFnXZ9hjQhDewwZ40789QmrG0GYgQ==}
    engines: {node: '>=14.21.3'}
    hasBin: true

  '@biomejs/cli-darwin-arm64@2.4.5':
    resolution: {integrity: sha512-lGS4Nd5O3KQJ6TeWv10mElnx1phERhBxqGP/IKq0SvZl78kcWDFMaTtVK+w3v3lusRFxJY78n07PbKplirsU5g==}
    engines: {node: '>=14.21.3'}
    cpu: [arm64]
    os: [darwin]

  '@biomejs/cli-darwin-x64@2.4.5':
    resolution: {integrity: sha512-6MoH4tyISIBNkZ2Q5T1R7dLd5BsITb2yhhhrU9jHZxnNSNMWl+s2Mxu7NBF8Y3a7JJcqq9nsk8i637z4gqkJxQ==}
    engines: {node: '>=14.21.3'}
    cpu: [x64]
    os: [darwin]

  '@biomejs/cli-linux-arm64-musl@2.4.5':
    resolution: {integrity: sha512-iqLDgpzobG7gpBF0fwEVS/LT8kmN7+S0E2YKFDtqliJfzNLnAiV2Nnyb+ehCDCJgAZBASkYHR2o60VQWikpqIg==}
    engines: {node: '>=14.21.3'}
    cpu: [arm64]
    os: [linux]
    libc: [musl]

  '@biomejs/cli-linux-arm64@2.4.5':
    resolution: {integrity: sha512-U1GAG6FTjhAO04MyH4xn23wRNBkT6H7NentHh+8UxD6ShXKBm5SY4RedKJzkUThANxb9rUKIPc7B8ew9Xo/cWg==}
    engines: {node: '>=14.21.3'}
    cpu: [arm64]
    os: [linux]
    libc: [glibc]

  '@biomejs/cli-linux-x64-musl@2.4.5':
    resolution: {integrity: sha512-NlKa7GpbQmNhZf9kakQeddqZyT7itN7jjWdakELeXyTU3pg/83fTysRRDPJD0akTfKDl6vZYNT9Zqn4MYZVBOA==}
    engines: {node: '>=14.21.3'}
    cpu: [x64]
    os: [linux]
    libc: [musl]

  '@biomejs/cli-linux-x64@2.4.5':
    resolution: {integrity: sha512-NdODlSugMzTlENPTa4z0xB82dTUlCpsrOxc43///aNkTLblIYH4XpYflBbf5ySlQuP8AA4AZd1qXhV07IdrHdQ==}
    engines: {node: '>=14.21.3'}
    cpu: [x64]
    os: [linux]
    libc: [glibc]

  '@biomejs/cli-win32-arm64@2.4.5':
    resolution: {integrity: sha512-EBfrTqRIWOFSd7CQb/0ttjHMR88zm3hGravnDwUA9wHAaCAYsULKDebWcN5RmrEo1KBtl/gDVJMrFjNR0pdGUw==}
    engines: {node: '>=14.21.3'}
    cpu: [arm64]
    os: [win32]

  '@biomejs/cli-win32-x64@2.4.5':
    resolution: {integrity: sha512-Pmhv9zT95YzECfjEHNl3mN9Vhusw9VA5KHY0ZvlGsxsjwS5cb7vpRnHzJIv0vG7jB0JI7xEaMH9ddfZm/RozBw==}
    engines: {node: '>=14.21.3'}
    cpu: [x64]
    os: [win32]

  '@emnapi/core@1.8.1':
    resolution: {integrity: sha512-AvT9QFpxK0Zd8J0jopedNm+w/2fIzvtPKPjqyw9jwvBaReTTqPBk9Hixaz7KbjimP+QNz605/XnjFcDAL2pqBg==}

  '@emnapi/runtime@1.8.1':
    resolution: {integrity: sha512-mehfKSMWjjNol8659Z8KxEMrdSJDDot5SXMq00dM8BN4o+CLNXQ0xH2V7EchNHV4RmbZLmmPdEaXZc5H2FXmDg==}

  '@emnapi/wasi-threads@1.1.0':
    resolution: {integrity: sha512-WI0DdZ8xFSbgMjR1sFsKABJ/C5OnRrjT06JXbZKexJGrDuPTzZdDYfFlsgcCXCyf+suG5QU2e/y1Wo2V/OapLQ==}

  '@napi-rs/wasm-runtime@1.1.1':
    resolution: {integrity: sha512-p64ah1M1ld8xjWv3qbvFwHiFVWrq1yFvV4f7w+mzaqiR4IlSgkqhcRdHwsGgomwzBH51sRY4NEowLxnaBjcW/A==}

  '@oxc-project/types@0.115.0':
    resolution: {integrity: sha512-4n91DKnebUS4yjUHl2g3/b2T+IUdCfmoZGhmwsovZCDaJSs+QkVAM+0AqqTxHSsHfeiMuueT75cZaZcT/m0pSw==}

  '@rolldown/binding-android-arm64@1.0.0-rc.6':
    resolution: {integrity: sha512-kvjTSWGcrv+BaR2vge57rsKiYdVR8V8CoS0vgKrc570qRBfty4bT+1X0z3j2TaVV+kAYzA0PjeB9+mdZyqUZlg==}
    engines: {node: ^20.19.0 || >=22.12.0}
    cpu: [arm64]
    os: [android]

  '@rolldown/binding-darwin-arm64@1.0.0-rc.6':
    resolution: {integrity: sha512-+tJhD21KvGNtUrpLXrZQlT+j5HZKiEwR2qtcZb3vNOUpvoT9QjEykr75ZW/Kr0W89gose/HVXU6351uVZD8Qvw==}
    engines: {node: ^20.19.0 || >=22.12.0}
    cpu: [arm64]
    os: [darwin]

  '@rolldown/binding-darwin-x64@1.0.0-rc.6':
    resolution: {integrity: sha512-DKNhjMk38FAWaHwUt1dFR3rA/qRAvn2NUvSG2UGvxvlMxSmN/qqww/j4ABAbXhNRXtGQNmrAINMXRuwHl16ZHg==}
    engines: {node: ^20.19.0 || >=22.12.0}
    cpu: [x64]
    os: [darwin]

  '@rolldown/binding-freebsd-x64@1.0.0-rc.6':
    resolution: {integrity: sha512-8TThsRkCPAnfyMBShxrGdtoOE6h36QepqRQI97iFaQSCRbHFWHcDHppcojZnzXoruuhPnjMEygzaykvPVJsMRg==}
    engines: {node: ^20.19.0 || >=22.12.0}
    cpu: [x64]
    os: [freebsd]

  '@rolldown/binding-linux-arm-gnueabihf@1.0.0-rc.6':
    resolution: {integrity: sha512-ZfmFoOwPUZCWtGOVC9/qbQzfc0249FrRUOzV2XabSMUV60Crp211OWLQN1zmQAsRIVWRcEwhJ46Z1mXGo/L/nQ==}
    engines: {node: ^20.19.0 || >=22.12.0}
    cpu: [arm]
    os: [linux]

  '@rolldown/binding-linux-arm64-gnu@1.0.0-rc.6':
    resolution: {integrity: sha512-ZsGzbNETxPodGlLTYHaCSGVhNN/rvkMDCJYHdT7PZr5jFJRmBfmDi2awhF64Dt2vxrJqY6VeeYSgOzEbHRsb7Q==}
    engines: {node: ^20.19.0 || >=22.12.0}
    cpu: [arm64]
    os: [linux]
    libc: [glibc]

  '@rolldown/binding-linux-arm64-musl@1.0.0-rc.6':
    resolution: {integrity: sha512-elPpdevtCdUOqziemR86C4CSCr/5sUxalzDrf/CJdMT+kZt2C556as++qHikNOz0vuFf52h+GJNXZM08eWgGPQ==}
    engines: {node: ^20.19.0 || >=22.12.0}
    cpu: [arm64]
    os: [linux]
    libc: [musl]

  '@rolldown/binding-linux-x64-gnu@1.0.0-rc.6':
    resolution: {integrity: sha512-IBwXsf56o3xhzAyaZxdM1CX8UFiBEUFCjiVUgny67Q8vPIqkjzJj0YKhd3TbBHanuxThgBa59f6Pgutg2OGk5A==}
    engines: {node: ^20.19.0 || >=22.12.0}
    cpu: [x64]
    os: [linux]
    libc: [glibc]

  '@rolldown/binding-linux-x64-musl@1.0.0-rc.6':
    resolution: {integrity: sha512-vOk7G8V9Zm+8a6PL6JTpCea61q491oYlGtO6CvnsbhNLlKdf0bbCPytFzGQhYmCKZDKkEbmnkcIprTEGCURnwg==}
    engines: {node: ^20.19.0 || >=22.12.0}
    cpu: [x64]
    os: [linux]
    libc: [musl]

  '@rolldown/binding-openharmony-arm64@1.0.0-rc.6':
    resolution: {integrity: sha512-ASjEDI4MRv7XCQb2JVaBzfEYO98JKCGrAgoW6M03fJzH/ilCnC43Mb3ptB9q/lzsaahoJyIBoAGKAYEjUvpyvQ==}
    engines: {node: ^20.19.0 || >=22.12.0}
    cpu: [arm64]
    os: [openharmony]

  '@rolldown/binding-wasm32-wasi@1.0.0-rc.6':
    resolution: {integrity: sha512-mYa1+h2l6Zc0LvmwUh0oXKKYihnw/1WC73vTqw+IgtfEtv47A+rWzzcWwVDkW73+UDr0d/Ie/HRXoaOY22pQDw==}
    engines: {node: '>=14.0.0'}
    cpu: [wasm32]

  '@rolldown/binding-win32-arm64-msvc@1.0.0-rc.6':
    resolution: {integrity: sha512-e2ABskbNH3MRUBMjgxaMjYIw11DSwjLJxBII3UgpF6WClGLIh8A20kamc+FKH5vIaFVnYQInmcLYSUVpqMPLow==}
    engines: {node: ^20.19.0 || >=22.12.0}
    cpu: [arm64]
    os: [win32]

  '@rolldown/binding-win32-x64-msvc@1.0.0-rc.6':
    resolution: {integrity: sha512-dJVc3ifhaRXxIEh1xowLohzFrlQXkJ66LepHm+CmSprTWgVrPa8Fx3OL57xwIqDEH9hufcKkDX2v65rS3NZyRA==}
    engines: {node: ^20.19.0 || >=22.12.0}
    cpu: [x64]
    os: [win32]

  '@rolldown/pluginutils@1.0.0-rc.6':
    resolution: {integrity: sha512-Y0+JT8Mi1mmW08K6HieG315XNRu4L0rkfCpA364HtytjgiqYnMYRdFPcxRl+BQQqNXzecL2S9nii+RUpO93XIA==}

  '@tsconfig/node-lts@24.0.0':
    resolution: {integrity: sha512-8mSTqWwCd6aQpvxSrpQlMoA9RiUZSs7bYhL5qsLXIIaN9HQaINeoydrRu/Y7/fws4bvfuyhs0BRnW9/NI8tySg==}

  '@tybys/wasm-util@0.10.1':
    resolution: {integrity: sha512-9tTaPJLSiejZKx+Bmog4uSubteqTvFrVrURwkmHixBo0G4seD0zUxp98E1DzUBJxLQ3NPwXrGKDiVjwx/DpPsg==}

  '@types/node@25.3.3':
    resolution: {integrity: sha512-DpzbrH7wIcBaJibpKo9nnSQL0MTRdnWttGyE5haGwK86xgMOkFLp7vEyfQPGLOJh5wNYiJ3V9PmUMDhV9u8kkQ==}

  '@typescript/native-preview-darwin-arm64@7.0.0-dev.20260304.1':
    resolution: {integrity: sha512-TnTUxYt+dShRSoeOldx7VlKoEG+bvPHnyPEBImlNc7c3WP0AHYyNHrNg6EbLbzkOorARtd06J3Vk+XYzkrRzZg==}
    cpu: [arm64]
    os: [darwin]

  '@typescript/native-preview-darwin-x64@7.0.0-dev.20260304.1':
    resolution: {integrity: sha512-1nwXX1zbyYI3sDKdaR8NsBdM7LmE0J6OzVtlWgEJ/8YR7oC2/HY6/SfShF3DHHcEOHOFxRLbkJ9zVTJJspWLCw==}
    cpu: [x64]
    os: [darwin]

  '@typescript/native-preview-linux-arm64@7.0.0-dev.20260304.1':
    resolution: {integrity: sha512-cw+xqroXtsk/yVTKbelcPWMd6oZdET9kNWmigyc189KWwzOu2eq2EPXPQsrhEigq8O3j0xW0z3q2oqG+smOiXg==}
    cpu: [arm64]
    os: [linux]

  '@typescript/native-preview-linux-arm@7.0.0-dev.20260304.1':
    resolution: {integrity: sha512-TXZClCJVteK2f9gcI+I7o1Sxgq3qdMtraXOP9GZF8o0sKCLdDWENN8uORfZSeQv2qOJohcKvrrEz6LLSSngvEg==}
    cpu: [arm]
    os: [linux]

  '@typescript/native-preview-linux-x64@7.0.0-dev.20260304.1':
    resolution: {integrity: sha512-EXufnN4PG0HYBHYbHXQXXRXtaQKuKBT3e6nxPhKnwpBBgy2MgWDIxzroTLvI9+SllhbJQzHNZOWiB+SU+KdCNw==}
    cpu: [x64]
    os: [linux]

  '@typescript/native-preview-win32-arm64@7.0.0-dev.20260304.1':
    resolution: {integrity: sha512-Be9yyDDbT/PEdNlhG+NXT47fwuiIeN0+/9BkeRKkiLgzY8DqQIC9w5FRWmwAJ+9PVa2sKr5cjD1SpJDHGrPIrA==}
    cpu: [arm64]
    os: [win32]

  '@typescript/native-preview-win32-x64@7.0.0-dev.20260304.1':
    resolution: {integrity: sha512-lg/w+rZ9NIUoqSsk2TbtDsqyD9nW0/rhTMYd14RFP7vuNijLrTbl7GPiMhFtMxaqCSOFapwbql7/3lU4BKHB6g==}
    cpu: [x64]
    os: [win32]

  '@typescript/native-preview@7.0.0-dev.20260304.1':
    resolution: {integrity: sha512-Xj0ZeHEy+yJ/bIg6psPwl0POvBf1j5u7IZAXsUqgvgWbMIvdM9JOGmhpifcj6j28LcXM6GTvXUoXwlatxJ73Qg==}
    hasBin: true

  balanced-match@4.0.4:
    resolution: {integrity: sha512-BLrgEcRTwX2o6gGxGOCNyMvGSp35YofuYzw9h1IMTRmKqttAZZVU67bdb9Pr2vUHA8+j3i2tJfjO6C6+4myGTA==}
    engines: {node: 18 || 20 || >=22}

  brace-expansion@5.0.4:
    resolution: {integrity: sha512-h+DEnpVvxmfVefa4jFbCf5HdH5YMDXRsmKflpf1pILZWRFlTbJpxeU55nJl4Smt5HQaGzg1o6RHFPJaOqnmBDg==}
    engines: {node: 18 || 20 || >=22}

  glob@13.0.6:
    resolution: {integrity: sha512-Wjlyrolmm8uDpm/ogGyXZXb1Z+Ca2B8NbJwqBVg0axK9GbBeoS7yGV6vjXnYdGm6X53iehEuxxbyiKp8QmN4Vw==}
    engines: {node: 18 || 20 || >=22}

  lru-cache@11.2.6:
    resolution: {integrity: sha512-ESL2CrkS/2wTPfuend7Zhkzo2u0daGJ/A2VucJOgQ/C48S/zB8MMeMHSGKYpXhIjbPxfuezITkaBH1wqv00DDQ==}
    engines: {node: 20 || >=22}

  minimatch@10.2.4:
    resolution: {integrity: sha512-oRjTw/97aTBN0RHbYCdtF1MQfvusSIBQM0IZEgzl6426+8jSC0nF1a/GmnVLpfB9yyr6g6FTqWqiZVbxrtaCIg==}
    engines: {node: 18 || 20 || >=22}

  minipass@7.1.3:
    resolution: {integrity: sha512-tEBHqDnIoM/1rXME1zgka9g6Q2lcoCkxHLuc7ODJ5BxbP5d4c2Z5cGgtXAku59200Cx7diuHTOYfSBD8n6mm8A==}
    engines: {node: '>=16 || 14 >=14.17'}

  package-json-from-dist@1.0.1:
    resolution: {integrity: sha512-UEZIS3/by4OC8vL3P2dTXRETpebLI2NiI5vIrjaD/5UtrkFX/tNbwjTSRAGC/+7CAo2pIcBaRgWmcBBHcsaCIw==}

  path-scurry@2.0.2:
    resolution: {integrity: sha512-3O/iVVsJAPsOnpwWIeD+d6z/7PmqApyQePUtCndjatj/9I5LylHvt5qluFaBT3I5h3r1ejfR056c+FCv+NnNXg==}
    engines: {node: 18 || 20 || >=22}

  rimraf@6.1.3:
    resolution: {integrity: sha512-LKg+Cr2ZF61fkcaK1UdkH2yEBBKnYjTyWzTJT6KNPcSPaiT7HSdhtMXQuN5wkTX0Xu72KQ1l8S42rlmexS2hSA==}
    engines: {node: 20 || >=22}
    hasBin: true

  rolldown@1.0.0-rc.6:
    resolution: {integrity: sha512-B8vFPV1ADyegoYfhg+E7RAucYKv0xdVlwYYsIJgfPNeiSxZGWNxts9RqhyGzC11ULK/VaeXyKezGCwpMiH8Ktw==}
    engines: {node: ^20.19.0 || >=22.12.0}
    hasBin: true

  tslib@2.8.1:
    resolution: {integrity: sha512-oJFu94HQb+KVduSUQL7wnpmqnfmLsOA/nAh6b6EH0wCEoK0/mPeXU6c3wKDV83MkOuHPRHtSXKKU99IBazS/2w==}

  undici-types@7.18.2:
    resolution: {integrity: sha512-AsuCzffGHJybSaRrmr5eHr81mwJU3kjw6M+uprWvCXiNeN9SOGwQ3Jn8jb8m3Z6izVgknn1R0FTCEAP2QrLY/w==}

snapshots:

  '@biomejs/biome@2.4.5':
    optionalDependencies:
      '@biomejs/cli-darwin-arm64': 2.4.5
      '@biomejs/cli-darwin-x64': 2.4.5
      '@biomejs/cli-linux-arm64': 2.4.5
      '@biomejs/cli-linux-arm64-musl': 2.4.5
      '@biomejs/cli-linux-x64': 2.4.5
      '@biomejs/cli-linux-x64-musl': 2.4.5
      '@biomejs/cli-win32-arm64': 2.4.5
      '@biomejs/cli-win32-x64': 2.4.5

  '@biomejs/cli-darwin-arm64@2.4.5':
    optional: true

  '@biomejs/cli-darwin-x64@2.4.5':
    optional: true

  '@biomejs/cli-linux-arm64-musl@2.4.5':
    optional: true

  '@biomejs/cli-linux-arm64@2.4.5':
    optional: true

  '@biomejs/cli-linux-x64-musl@2.4.5':
    optional: true

  '@biomejs/cli-linux-x64@2.4.5':
    optional: true

  '@biomejs/cli-win32-arm64@2.4.5':
    optional: true

  '@biomejs/cli-win32-x64@2.4.5':
    optional: true

  '@emnapi/core@1.8.1':
    dependencies:
      '@emnapi/wasi-threads': 1.1.0
      tslib: 2.8.1
    optional: true

  '@emnapi/runtime@1.8.1':
    dependencies:
      tslib: 2.8.1
    optional: true

  '@emnapi/wasi-threads@1.1.0':
    dependencies:
      tslib: 2.8.1
    optional: true

  '@napi-rs/wasm-runtime@1.1.1':
    dependencies:
      '@emnapi/core': 1.8.1
      '@emnapi/runtime': 1.8.1
      '@tybys/wasm-util': 0.10.1
    optional: true

  '@oxc-project/types@0.115.0': {}

  '@rolldown/binding-android-arm64@1.0.0-rc.6':
    optional: true

  '@rolldown/binding-darwin-arm64@1.0.0-rc.6':
    optional: true

  '@rolldown/binding-darwin-x64@1.0.0-rc.6':
    optional: true

  '@rolldown/binding-freebsd-x64@1.0.0-rc.6':
    optional: true

  '@rolldown/binding-linux-arm-gnueabihf@1.0.0-rc.6':
    optional: true

  '@rolldown/binding-linux-arm64-gnu@1.0.0-rc.6':
    optional: true

  '@rolldown/binding-linux-arm64-musl@1.0.0-rc.6':
    optional: true

  '@rolldown/binding-linux-x64-gnu@1.0.0-rc.6':
    optional: true

  '@rolldown/binding-linux-x64-musl@1.0.0-rc.6':
    optional: true

  '@rolldown/binding-openharmony-arm64@1.0.0-rc.6':
    optional: true

  '@rolldown/binding-wasm32-wasi@1.0.0-rc.6':
    dependencies:
      '@napi-rs/wasm-runtime': 1.1.1
    optional: true

  '@rolldown/binding-win32-arm64-msvc@1.0.0-rc.6':
    optional: true

  '@rolldown/binding-win32-x64-msvc@1.0.0-rc.6':
    optional: true

  '@rolldown/pluginutils@1.0.0-rc.6': {}

  '@tsconfig/node-lts@24.0.0': {}

  '@tybys/wasm-util@0.10.1':
    dependencies:
      tslib: 2.8.1
    optional: true

  '@types/node@25.3.3':
    dependencies:
      undici-types: 7.18.2

  '@typescript/native-preview-darwin-arm64@7.0.0-dev.20260304.1':
    optional: true

  '@typescript/native-preview-darwin-x64@7.0.0-dev.20260304.1':
    optional: true

  '@typescript/native-preview-linux-arm64@7.0.0-dev.20260304.1':
    optional: true

  '@typescript/native-preview-linux-arm@7.0.0-dev.20260304.1':
    optional: true

  '@typescript/native-preview-linux-x64@7.0.0-dev.20260304.1':
    optional: true

  '@typescript/native-preview-win32-arm64@7.0.0-dev.20260304.1':
    optional: true

  '@typescript/native-preview-win32-x64@7.0.0-dev.20260304.1':
    optional: true

  '@typescript/native-preview@7.0.0-dev.20260304.1':
    optionalDependencies:
      '@typescript/native-preview-darwin-arm64': 7.0.0-dev.20260304.1
      '@typescript/native-preview-darwin-x64': 7.0.0-dev.20260304.1
      '@typescript/native-preview-linux-arm': 7.0.0-dev.20260304.1
      '@typescript/native-preview-linux-arm64': 7.0.0-dev.20260304.1
      '@typescript/native-preview-linux-x64': 7.0.0-dev.20260304.1
      '@typescript/native-preview-win32-arm64': 7.0.0-dev.20260304.1
      '@typescript/native-preview-win32-x64': 7.0.0-dev.20260304.1

  balanced-match@4.0.4: {}

  brace-expansion@5.0.4:
    dependencies:
      balanced-match: 4.0.4

  glob@13.0.6:
    dependencies:
      minimatch: 10.2.4
      minipass: 7.1.3
      path-scurry: 2.0.2

  lru-cache@11.2.6: {}

  minimatch@10.2.4:
    dependencies:
      brace-expansion: 5.0.4

  minipass@7.1.3: {}

  package-json-from-dist@1.0.1: {}

  path-scurry@2.0.2:
    dependencies:
      lru-cache: 11.2.6
      minipass: 7.1.3

  rimraf@6.1.3:
    dependencies:
      glob: 13.0.6
      package-json-from-dist: 1.0.1

  rolldown@1.0.0-rc.6:
    dependencies:
      '@oxc-project/types': 0.115.0
      '@rolldown/pluginutils': 1.0.0-rc.6
    optionalDependencies:
      '@rolldown/binding-android-arm64': 1.0.0-rc.6
      '@rolldown/binding-darwin-arm64': 1.0.0-rc.6
      '@rolldown/binding-darwin-x64': 1.0.0-rc.6
      '@rolldown/binding-freebsd-x64': 1.0.0-rc.6
      '@rolldown/binding-linux-arm-gnueabihf': 1.0.0-rc.6
      '@rolldown/binding-linux-arm64-gnu': 1.0.0-rc.6
      '@rolldown/binding-linux-arm64-musl': 1.0.0-rc.6
      '@rolldown/binding-linux-x64-gnu': 1.0.0-rc.6
      '@rolldown/binding-linux-x64-musl': 1.0.0-rc.6
      '@rolldown/binding-openharmony-arm64': 1.0.0-rc.6
      '@rolldown/binding-wasm32-wasi': 1.0.0-rc.6
      '@rolldown/binding-win32-arm64-msvc': 1.0.0-rc.6
      '@rolldown/binding-win32-x64-msvc': 1.0.0-rc.6

  tslib@2.8.1:
    optional: true

  undici-types@7.18.2: {}
